
Microsoft Visual Studio Solution File, Format Version 12.00
# Visual Studio Version 16
VisualStudioVersion = 16.0.29905.134
MinimumVisualStudioVersion = 10.0.40219.1
Project("{FAE04EC0-301F-11D3-BF4B-00C04F79EFBC}") = "Z5-TPT", "Z5-TPT\Z5-TPT.csproj", "{6F77FAF9-672C-4115-8213-B4A121C2B91B}"
EndProject
Global
	GlobalSection(SolutionConfigurationPlatforms) = preSolution
		Debug|Any CPU = Debug|Any CPU
		Release|Any CPU = Release|Any CPU
	EndGlobalSection
	GlobalSection(ProjectConfigurationPlatforms) = postSolution
		{6F77FAF9-672C-4115-8213-B4A121C2B91B}.Debug|Any CPU.ActiveCfg = Debug|Any CPU
		{6F77FAF9-672C-4115-8213-B4A121C2B91B}.Debug|Any CPU.Build.0 = Debug|Any CPU
		{6F77FAF9-672C-4115-8213-B4A121C2B91B}.Release|Any CPU.ActiveCfg = Release|Any CPU
		{6F77FAF9-672C-4115-8213-B4A121C2B91B}.Release|Any CPU.Build.0 = Release|Any CPU
	EndGlobalSection
	GlobalSection(SolutionProperties) = preSolution
		HideSolutionNode = FALSE
	EndGlobalSection
	GlobalSection(ExtensibilityGlobals) = postSolution
		SolutionGuid = {A7818E00-2002-49AF-9366-78AACAFF1AFF}
	EndGlobalSection
EndGlobal
